
Microsoft Visual Studio Solution File, Format Version 12.00
# Visual Studio Version 16
VisualStudioVersion = 16.0.31624.102
MinimumVisualStudioVersion = 10.0.40219.1
Project("{9A19103F-16F7-4668-BE54-9A1E7A4F7556}") = "FGGBot", "ConsoleApp1\FGGBot.csproj", "{BFC36C4E-FFE7-46D3-97B9-751E22BA4CA4}"
EndProject
Global
	GlobalSection(SolutionConfigurationPlatforms) = preSolution
		Debug|Any CPU = Debug|Any CPU
		Release|Any CPU = Release|Any CPU
	EndGlobalSection
	GlobalSection(ProjectConfigurationPlatforms) = postSolution
		{BFC36C4E-FFE7-46D3-97B9-751E22BA4CA4}.Debug|Any CPU.ActiveCfg = Debug|Any CPU
		{BFC36C4E-FFE7-46D3-97B9-751E22BA4CA4}.Debug|Any CPU.Build.0 = Debug|Any CPU
		{BFC36C4E-FFE7-46D3-97B9-751E22BA4CA4}.Release|Any CPU.ActiveCfg = Release|Any CPU
		{BFC36C4E-FFE7-46D3-97B9-751E22BA4CA4}.Release|Any CPU.Build.0 = Release|Any CPU
	EndGlobalSection
	GlobalSection(SolutionProperties) = preSolution
		HideSolutionNode = FALSE
	EndGlobalSection
	GlobalSection(ExtensibilityGlobals) = postSolution
		SolutionGuid = {DD613D0C-637B-43B9-9018-58EEAD6F42F4}
	EndGlobalSection
EndGlobal
